
Microsoft Visual Studio Solution File, Format Version 12.00
# Visual Studio Version 17
VisualStudioVersion = 17.0.31903.59
MinimumVisualStudioVersion = 10.0.40219.1
Project("{2150E333-8FDC-42A3-9474-1A3956D46DE8}") = "src", "src", "{28BF15BD-712C-41A5-8E26-41014C323AE8}"
EndProject
Project("{FAE04EC0-301F-11D3-BF4B-00C04F79EFBC}") = "UniNetty.Common", "src\UniNetty.Common\UniNetty.Common.csproj", "{56DC2953-5EDC-4163-A4BE-5D92214F243C}"
EndProject
Project("{FAE04EC0-301F-11D3-BF4B-00C04F79EFBC}") = "UniNetty.Buffers", "src\UniNetty.Buffers\UniNetty.Buffers.csproj", "{3A5332CC-5253-4859-BE94-5FE31D81A1AE}"
EndProject
Project("{FAE04EC0-301F-11D3-BF4B-00C04F79EFBC}") = "UniNetty.Codecs", "src\UniNetty.Codecs\UniNetty.Codecs.csproj", "{542CB7EB-9757-444F-A03D-11CC84273D55}"
EndProject
Project("{FAE04EC0-301F-11D3-BF4B-00C04F79EFBC}") = "UniNetty.Handlers", "src\UniNetty.Handlers\UniNetty.Handlers.csproj", "{1DF1CEA4-D36D-4916-BEAC-F8B9C1F8B7C0}"
EndProject
Project("{FAE04EC0-301F-11D3-BF4B-00C04F79EFBC}") = "UniNetty.Transport", "src\UniNetty.Transport\UniNetty.Transport.csproj", "{3959AE1D-4CE4-48D8-9014-E72AA91C28B0}"
EndProject
Project("{FAE04EC0-301F-11D3-BF4B-00C04F79EFBC}") = "UniNetty.Codecs.Http", "src\UniNetty.Codecs.Http\UniNetty.Codecs.Http.csproj", "{934C3218-9ECC-4C36-BFFB-5885A1882006}"
EndProject
Project("{FAE04EC0-301F-11D3-BF4B-00C04F79EFBC}") = "UniNetty.Codecs.Mqtt", "src\UniNetty.Codecs.Mqtt\UniNetty.Codecs.Mqtt.csproj", "{89C8C359-B75A-4B73-8DEF-965390401D96}"
EndProject
Project("{FAE04EC0-301F-11D3-BF4B-00C04F79EFBC}") = "UniNetty.Codecs.Protobuf", "src\UniNetty.Codecs.Protobuf\UniNetty.Codecs.Protobuf.csproj", "{A390464E-3057-4D2F-A747-6E852682CFEC}"
EndProject
Project("{FAE04EC0-301F-11D3-BF4B-00C04F79EFBC}") = "UniNetty.Codecs.Redis", "src\UniNetty.Codecs.Redis\UniNetty.Codecs.Redis.csproj", "{DD1DAF11-8414-4939-93B5-4B4ECAC14CE3}"
EndProject
Project("{2150E333-8FDC-42A3-9474-1A3956D46DE8}") = "test", "test", "{AB405D8B-BDF7-408C-8FA2-2FA89A251E1D}"
EndProject
Project("{FAE04EC0-301F-11D3-BF4B-00C04F79EFBC}") = "UniNetty.Buffers.Tests", "test\UniNetty.Buffers.Tests\UniNetty.Buffers.Tests.csproj", "{62EAFDDA-0035-4B67-8AF6-C2D62172C2C9}"
EndProject
Project("{FAE04EC0-301F-11D3-BF4B-00C04F79EFBC}") = "UniNetty.Codecs.Http.Tests", "test\UniNetty.Codecs.Http.Tests\UniNetty.Codecs.Http.Tests.csproj", "{27D79C43-4C2D-4D8D-8C90-A72EF6F14F06}"
EndProject
Project("{FAE04EC0-301F-11D3-BF4B-00C04F79EFBC}") = "UniNetty.Codecs.Mqtt.Tests", "test\UniNetty.Codecs.Mqtt.Tests\UniNetty.Codecs.Mqtt.Tests.csproj", "{D3B72473-D993-4F13-8B53-8DD0741DC028}"
EndProject
Project("{FAE04EC0-301F-11D3-BF4B-00C04F79EFBC}") = "UniNetty.Codecs.Protobuf.Tests", "test\UniNetty.Codecs.Protobuf.Tests\UniNetty.Codecs.Protobuf.Tests.csproj", "{699D571D-4144-486F-8AD5-369F331AD45B}"
EndProject
Project("{FAE04EC0-301F-11D3-BF4B-00C04F79EFBC}") = "UniNetty.Codecs.Redis.Tests", "test\UniNetty.Codecs.Redis.Tests\UniNetty.Codecs.Redis.Tests.csproj", "{67286224-91D6-4EEE-BA70-A5AF4313B86A}"
EndProject
Project("{FAE04EC0-301F-11D3-BF4B-00C04F79EFBC}") = "UniNetty.Codecs.Tests", "test\UniNetty.Codecs.Tests\UniNetty.Codecs.Tests.csproj", "{1211177E-596C-4E93-B7CD-935FFDCBA2AB}"
EndProject
Project("{FAE04EC0-301F-11D3-BF4B-00C04F79EFBC}") = "UniNetty.Common.Tests", "test\UniNetty.Common.Tests\UniNetty.Common.Tests.csproj", "{F7FDA70B-91B9-4B79-8B07-3225FC778DC8}"
EndProject
Project("{FAE04EC0-301F-11D3-BF4B-00C04F79EFBC}") = "UniNetty.Handlers.Tests", "test\UniNetty.Handlers.Tests\UniNetty.Handlers.Tests.csproj", "{712AE19B-BF97-4B81-83D6-587E9B7E87AC}"
EndProject
Project("{FAE04EC0-301F-11D3-BF4B-00C04F79EFBC}") = "UniNetty.Microbench", "test\UniNetty.Microbench\UniNetty.Microbench.csproj", "{13C1575A-9D7D-4C7C-8226-161107BD6EA2}"
EndProject
Project("{FAE04EC0-301F-11D3-BF4B-00C04F79EFBC}") = "UniNetty.Tests.Common", "test\UniNetty.Tests.Common\UniNetty.Tests.Common.csproj", "{310A1539-5D2B-4C08-9DD1-FF7A8FE6BF5A}"
EndProject
Project("{FAE04EC0-301F-11D3-BF4B-00C04F79EFBC}") = "UniNetty.Tests.End2End", "test\UniNetty.Tests.End2End\UniNetty.Tests.End2End.csproj", "{7466C791-ABC4-43CA-8CDF-6DC812435063}"
EndProject
Project("{FAE04EC0-301F-11D3-BF4B-00C04F79EFBC}") = "UniNetty.Transport.Tests.Performance", "test\UniNetty.Transport.Tests.Performance\UniNetty.Transport.Tests.Performance.csproj", "{CB2FEF99-07AE-413B-A5B0-5E7C1F9C1330}"
EndProject
Project("{FAE04EC0-301F-11D3-BF4B-00C04F79EFBC}") = "UniNetty.Transport.Tests", "test\UniNetty.Transport.Tests\UniNetty.Transport.Tests.csproj", "{2EA63F4B-A17E-4EF6-A7F7-4DD9F19F963E}"
EndProject
Global
	GlobalSection(SolutionConfigurationPlatforms) = preSolution
		Debug|Any CPU = Debug|Any CPU
		Release|Any CPU = Release|Any CPU
	EndGlobalSection
	GlobalSection(SolutionProperties) = preSolution
		HideSolutionNode = FALSE
	EndGlobalSection
	GlobalSection(ProjectConfigurationPlatforms) = postSolution
		{56DC2953-5EDC-4163-A4BE-5D92214F243C}.Debug|Any CPU.ActiveCfg = Debug|Any CPU
		{56DC2953-5EDC-4163-A4BE-5D92214F243C}.Debug|Any CPU.Build.0 = Debug|Any CPU
		{56DC2953-5EDC-4163-A4BE-5D92214F243C}.Release|Any CPU.ActiveCfg = Release|Any CPU
		{56DC2953-5EDC-4163-A4BE-5D92214F243C}.Release|Any CPU.Build.0 = Release|Any CPU
		{3A5332CC-5253-4859-BE94-5FE31D81A1AE}.Debug|Any CPU.ActiveCfg = Debug|Any CPU
		{3A5332CC-5253-4859-BE94-5FE31D81A1AE}.Debug|Any CPU.Build.0 = Debug|Any CPU
		{3A5332CC-5253-4859-BE94-5FE31D81A1AE}.Release|Any CPU.ActiveCfg = Release|Any CPU
		{3A5332CC-5253-4859-BE94-5FE31D81A1AE}.Release|Any CPU.Build.0 = Release|Any CPU
		{542CB7EB-9757-444F-A03D-11CC84273D55}.Debug|Any CPU.ActiveCfg = Debug|Any CPU
		{542CB7EB-9757-444F-A03D-11CC84273D55}.Debug|Any CPU.Build.0 = Debug|Any CPU
		{542CB7EB-9757-444F-A03D-11CC84273D55}.Release|Any CPU.ActiveCfg = Release|Any CPU
		{542CB7EB-9757-444F-A03D-11CC84273D55}.Release|Any CPU.Build.0 = Release|Any CPU
		{1DF1CEA4-D36D-4916-BEAC-F8B9C1F8B7C0}.Debug|Any CPU.ActiveCfg = Debug|Any CPU
		{1DF1CEA4-D36D-4916-BEAC-F8B9C1F8B7C0}.Debug|Any CPU.Build.0 = Debug|Any CPU
		{1DF1CEA4-D36D-4916-BEAC-F8B9C1F8B7C0}.Release|Any CPU.ActiveCfg = Release|Any CPU
		{1DF1CEA4-D36D-4916-BEAC-F8B9C1F8B7C0}.Release|Any CPU.Build.0 = Release|Any CPU
		{3959AE1D-4CE4-48D8-9014-E72AA91C28B0}.Debug|Any CPU.ActiveCfg = Debug|Any CPU
		{3959AE1D-4CE4-48D8-9014-E72AA91C28B0}.Debug|Any CPU.Build.0 = Debug|Any CPU
		{3959AE1D-4CE4-48D8-9014-E72AA91C28B0}.Release|Any CPU.ActiveCfg = Release|Any CPU
		{3959AE1D-4CE4-48D8-9014-E72AA91C28B0}.Release|Any CPU.Build.0 = Release|Any CPU
		{934C3218-9ECC-4C36-BFFB-5885A1882006}.Debug|Any CPU.ActiveCfg = Debug|Any CPU
		{934C3218-9ECC-4C36-BFFB-5885A1882006}.Debug|Any CPU.Build.0 = Debug|Any CPU
		{934C3218-9ECC-4C36-BFFB-5885A1882006}.Release|Any CPU.ActiveCfg = Release|Any CPU
		{934C3218-9ECC-4C36-BFFB-5885A1882006}.Release|Any CPU.Build.0 = Release|Any CPU
		{89C8C359-B75A-4B73-8DEF-965390401D96}.Debug|Any CPU.ActiveCfg = Debug|Any CPU
		{89C8C359-B75A-4B73-8DEF-965390401D96}.Debug|Any CPU.Build.0 = Debug|Any CPU
		{89C8C359-B75A-4B73-8DEF-965390401D96}.Release|Any CPU.ActiveCfg = Release|Any CPU
		{89C8C359-B75A-4B73-8DEF-965390401D96}.Release|Any CPU.Build.0 = Release|Any CPU
		{A390464E-3057-4D2F-A747-6E852682CFEC}.Debug|Any CPU.ActiveCfg = Debug|Any CPU
		{A390464E-3057-4D2F-A747-6E852682CFEC}.Debug|Any CPU.Build.0 = Debug|Any CPU
		{A390464E-3057-4D2F-A747-6E852682CFEC}.Release|Any CPU.ActiveCfg = Release|Any CPU
		{A390464E-3057-4D2F-A747-6E852682CFEC}.Release|Any CPU.Build.0 = Release|Any CPU
		{DD1DAF11-8414-4939-93B5-4B4ECAC14CE3}.Debug|Any CPU.ActiveCfg = Debug|Any CPU
		{DD1DAF11-8414-4939-93B5-4B4ECAC14CE3}.Debug|Any CPU.Build.0 = Debug|Any CPU
		{DD1DAF11-8414-4939-93B5-4B4ECAC14CE3}.Release|Any CPU.ActiveCfg = Release|Any CPU
		{DD1DAF11-8414-4939-93B5-4B4ECAC14CE3}.Release|Any CPU.Build.0 = Release|Any CPU
		{62EAFDDA-0035-4B67-8AF6-C2D62172C2C9}.Debug|Any CPU.ActiveCfg = Debug|Any CPU
		{62EAFDDA-0035-4B67-8AF6-C2D62172C2C9}.Debug|Any CPU.Build.0 = Debug|Any CPU
		{62EAFDDA-0035-4B67-8AF6-C2D62172C2C9}.Release|Any CPU.ActiveCfg = Release|Any CPU
		{62EAFDDA-0035-4B67-8AF6-C2D62172C2C9}.Release|Any CPU.Build.0 = Release|Any CPU
		{27D79C43-4C2D-4D8D-8C90-A72EF6F14F06}.Debug|Any CPU.ActiveCfg = Debug|Any CPU
		{27D79C43-4C2D-4D8D-8C90-A72EF6F14F06}.Debug|Any CPU.Build.0 = Debug|Any CPU
		{27D79C43-4C2D-4D8D-8C90-A72EF6F14F06}.Release|Any CPU.ActiveCfg = Release|Any CPU
		{27D79C43-4C2D-4D8D-8C90-A72EF6F14F06}.Release|Any CPU.Build.0 = Release|Any CPU
		{D3B72473-D993-4F13-8B53-8DD0741DC028}.Debug|Any CPU.ActiveCfg = Debug|Any CPU
		{D3B72473-D993-4F13-8B53-8DD0741DC028}.Debug|Any CPU.Build.0 = Debug|Any CPU
		{D3B72473-D993-4F13-8B53-8DD0741DC028}.Release|Any CPU.ActiveCfg = Release|Any CPU
		{D3B72473-D993-4F13-8B53-8DD0741DC028}.Release|Any CPU.Build.0 = Release|Any CPU
		{699D571D-4144-486F-8AD5-369F331AD45B}.Debug|Any CPU.ActiveCfg = Debug|Any CPU
		{699D571D-4144-486F-8AD5-369F331AD45B}.Debug|Any CPU.Build.0 = Debug|Any CPU
		{699D571D-4144-486F-8AD5-369F331AD45B}.Release|Any CPU.ActiveCfg = Release|Any CPU
		{699D571D-4144-486F-8AD5-369F331AD45B}.Release|Any CPU.Build.0 = Release|Any CPU
		{67286224-91D6-4EEE-BA70-A5AF4313B86A}.Debug|Any CPU.ActiveCfg = Debug|Any CPU
		{67286224-91D6-4EEE-BA70-A5AF4313B86A}.Debug|Any CPU.Build.0 = Debug|Any CPU
		{67286224-91D6-4EEE-BA70-A5AF4313B86A}.Release|Any CPU.ActiveCfg = Release|Any CPU
		{67286224-91D6-4EEE-BA70-A5AF4313B86A}.Release|Any CPU.Build.0 = Release|Any CPU
		{1211177E-596C-4E93-B7CD-935FFDCBA2AB}.Debug|Any CPU.ActiveCfg = Debug|Any CPU
		{1211177E-596C-4E93-B7CD-935FFDCBA2AB}.Debug|Any CPU.Build.0 = Debug|Any CPU
		{1211177E-596C-4E93-B7CD-935FFDCBA2AB}.Release|Any CPU.ActiveCfg = Release|Any CPU
		{1211177E-596C-4E93-B7CD-935FFDCBA2AB}.Release|Any CPU.Build.0 = Release|Any CPU
		{F7FDA70B-91B9-4B79-8B07-3225FC778DC8}.Debug|Any CPU.ActiveCfg = Debug|Any CPU
		{F7FDA70B-91B9-4B79-8B07-3225FC778DC8}.Debug|Any CPU.Build.0 = Debug|Any CPU
		{F7FDA70B-91B9-4B79-8B07-3225FC778DC8}.Release|Any CPU.ActiveCfg = Release|Any CPU
		{F7FDA70B-91B9-4B79-8B07-3225FC778DC8}.Release|Any CPU.Build.0 = Release|Any CPU
		{712AE19B-BF97-4B81-83D6-587E9B7E87AC}.Debug|Any CPU.ActiveCfg = Debug|Any CPU
		{712AE19B-BF97-4B81-83D6-587E9B7E87AC}.Debug|Any CPU.Build.0 = Debug|Any CPU
		{712AE19B-BF97-4B81-83D6-587E9B7E87AC}.Release|Any CPU.ActiveCfg = Release|Any CPU
		{712AE19B-BF97-4B81-83D6-587E9B7E87AC}.Release|Any CPU.Build.0 = Release|Any CPU
		{13C1575A-9D7D-4C7C-8226-161107BD6EA2}.Debug|Any CPU.ActiveCfg = Debug|Any CPU
		{13C1575A-9D7D-4C7C-8226-161107BD6EA2}.Debug|Any CPU.Build.0 = Debug|Any CPU
		{13C1575A-9D7D-4C7C-8226-161107BD6EA2}.Release|Any CPU.ActiveCfg = Release|Any CPU
		{13C1575A-9D7D-4C7C-8226-161107BD6EA2}.Release|Any CPU.Build.0 = Release|Any CPU
		{310A1539-5D2B-4C08-9DD1-FF7A8FE6BF5A}.Debug|Any CPU.ActiveCfg = Debug|Any CPU
		{310A1539-5D2B-4C08-9DD1-FF7A8FE6BF5A}.Debug|Any CPU.Build.0 = Debug|Any CPU
		{310A1539-5D2B-4C08-9DD1-FF7A8FE6BF5A}.Release|Any CPU.ActiveCfg = Release|Any CPU
		{310A1539-5D2B-4C08-9DD1-FF7A8FE6BF5A}.Release|Any CPU.Build.0 = Release|Any CPU
		{7466C791-ABC4-43CA-8CDF-6DC812435063}.Debug|Any CPU.ActiveCfg = Debug|Any CPU
		{7466C791-ABC4-43CA-8CDF-6DC812435063}.Debug|Any CPU.Build.0 = Debug|Any CPU
		{7466C791-ABC4-43CA-8CDF-6DC812435063}.Release|Any CPU.ActiveCfg = Release|Any CPU
		{7466C791-ABC4-43CA-8CDF-6DC812435063}.Release|Any CPU.Build.0 = Release|Any CPU
		{CB2FEF99-07AE-413B-A5B0-5E7C1F9C1330}.Debug|Any CPU.ActiveCfg = Debug|Any CPU
		{CB2FEF99-07AE-413B-A5B0-5E7C1F9C1330}.Debug|Any CPU.Build.0 = Debug|Any CPU
		{CB2FEF99-07AE-413B-A5B0-5E7C1F9C1330}.Release|Any CPU.ActiveCfg = Release|Any CPU
		{CB2FEF99-07AE-413B-A5B0-5E7C1F9C1330}.Release|Any CPU.Build.0 = Release|Any CPU
		{2EA63F4B-A17E-4EF6-A7F7-4DD9F19F963E}.Debug|Any CPU.ActiveCfg = Debug|Any CPU
		{2EA63F4B-A17E-4EF6-A7F7-4DD9F19F963E}.Debug|Any CPU.Build.0 = Debug|Any CPU
		{2EA63F4B-A17E-4EF6-A7F7-4DD9F19F963E}.Release|Any CPU.ActiveCfg = Release|Any CPU
		{2EA63F4B-A17E-4EF6-A7F7-4DD9F19F963E}.Release|Any CPU.Build.0 = Release|Any CPU
	EndGlobalSection
	GlobalSection(NestedProjects) = preSolution
		{56DC2953-5EDC-4163-A4BE-5D92214F243C} = {28BF15BD-712C-41A5-8E26-41014C323AE8}
		{3A5332CC-5253-4859-BE94-5FE31D81A1AE} = {28BF15BD-712C-41A5-8E26-41014C323AE8}
		{542CB7EB-9757-444F-A03D-11CC84273D55} = {28BF15BD-712C-41A5-8E26-41014C323AE8}
		{1DF1CEA4-D36D-4916-BEAC-F8B9C1F8B7C0} = {28BF15BD-712C-41A5-8E26-41014C323AE8}
		{3959AE1D-4CE4-48D8-9014-E72AA91C28B0} = {28BF15BD-712C-41A5-8E26-41014C323AE8}
		{934C3218-9ECC-4C36-BFFB-5885A1882006} = {28BF15BD-712C-41A5-8E26-41014C323AE8}
		{89C8C359-B75A-4B73-8DEF-965390401D96} = {28BF15BD-712C-41A5-8E26-41014C323AE8}
		{A390464E-3057-4D2F-A747-6E852682CFEC} = {28BF15BD-712C-41A5-8E26-41014C323AE8}
		{DD1DAF11-8414-4939-93B5-4B4ECAC14CE3} = {28BF15BD-712C-41A5-8E26-41014C323AE8}
		{62EAFDDA-0035-4B67-8AF6-C2D62172C2C9} = {AB405D8B-BDF7-408C-8FA2-2FA89A251E1D}
		{27D79C43-4C2D-4D8D-8C90-A72EF6F14F06} = {AB405D8B-BDF7-408C-8FA2-2FA89A251E1D}
		{D3B72473-D993-4F13-8B53-8DD0741DC028} = {AB405D8B-BDF7-408C-8FA2-2FA89A251E1D}
		{699D571D-4144-486F-8AD5-369F331AD45B} = {AB405D8B-BDF7-408C-8FA2-2FA89A251E1D}
		{67286224-91D6-4EEE-BA70-A5AF4313B86A} = {AB405D8B-BDF7-408C-8FA2-2FA89A251E1D}
		{1211177E-596C-4E93-B7CD-935FFDCBA2AB} = {AB405D8B-BDF7-408C-8FA2-2FA89A251E1D}
		{F7FDA70B-91B9-4B79-8B07-3225FC778DC8} = {AB405D8B-BDF7-408C-8FA2-2FA89A251E1D}
		{712AE19B-BF97-4B81-83D6-587E9B7E87AC} = {AB405D8B-BDF7-408C-8FA2-2FA89A251E1D}
		{13C1575A-9D7D-4C7C-8226-161107BD6EA2} = {AB405D8B-BDF7-408C-8FA2-2FA89A251E1D}
		{310A1539-5D2B-4C08-9DD1-FF7A8FE6BF5A} = {AB405D8B-BDF7-408C-8FA2-2FA89A251E1D}
		{7466C791-ABC4-43CA-8CDF-6DC812435063} = {AB405D8B-BDF7-408C-8FA2-2FA89A251E1D}
		{CB2FEF99-07AE-413B-A5B0-5E7C1F9C1330} = {AB405D8B-BDF7-408C-8FA2-2FA89A251E1D}
		{2EA63F4B-A17E-4EF6-A7F7-4DD9F19F963E} = {AB405D8B-BDF7-408C-8FA2-2FA89A251E1D}
	EndGlobalSection
EndGlobal
