
Microsoft Visual Studio Solution File, Format Version 12.00
# Visual Studio Version 17
VisualStudioVersion = 17.0.31903.59
MinimumVisualStudioVersion = 10.0.40219.1
Project("{2150E333-8FDC-42A3-9474-1A3956D46DE8}") = "src", "src", "{28BF15BD-712C-41A5-8E26-41014C323AE8}"
EndProject
Project("{FAE04EC0-301F-11D3-BF4B-00C04F79EFBC}") = "UniNetty.Common", "src\UniNetty.Common\UniNetty.Common.csproj", "{56DC2953-5EDC-4163-A4BE-5D92214F243C}"
EndProject
Project("{FAE04EC0-301F-11D3-BF4B-00C04F79EFBC}") = "UniNetty.Buffers", "src\UniNetty.Buffers\UniNetty.Buffers.csproj", "{3A5332CC-5253-4859-BE94-5FE31D81A1AE}"
EndProject
Project("{FAE04EC0-301F-11D3-BF4B-00C04F79EFBC}") = "UniNetty.Codecs", "src\UniNetty.Codecs\UniNetty.Codecs.csproj", "{542CB7EB-9757-444F-A03D-11CC84273D55}"
EndProject
Project("{FAE04EC0-301F-11D3-BF4B-00C04F79EFBC}") = "UniNetty.Handlers", "src\UniNetty.Handlers\UniNetty.Handlers.csproj", "{1DF1CEA4-D36D-4916-BEAC-F8B9C1F8B7C0}"
EndProject
Project("{FAE04EC0-301F-11D3-BF4B-00C04F79EFBC}") = "UniNetty.Transport", "src\UniNetty.Transport\UniNetty.Transport.csproj", "{3959AE1D-4CE4-48D8-9014-E72AA91C28B0}"
EndProject
Project("{FAE04EC0-301F-11D3-BF4B-00C04F79EFBC}") = "UniNetty.Codecs.Http", "src\UniNetty.Codecs.Http\UniNetty.Codecs.Http.csproj", "{934C3218-9ECC-4C36-BFFB-5885A1882006}"
EndProject
Project("{FAE04EC0-301F-11D3-BF4B-00C04F79EFBC}") = "UniNetty.Codecs.Mqtt", "src\UniNetty.Codecs.Mqtt\UniNetty.Codecs.Mqtt.csproj", "{89C8C359-B75A-4B73-8DEF-965390401D96}"
EndProject
Project("{FAE04EC0-301F-11D3-BF4B-00C04F79EFBC}") = "UniNetty.Codecs.Protobuf", "src\UniNetty.Codecs.Protobuf\UniNetty.Codecs.Protobuf.csproj", "{A390464E-3057-4D2F-A747-6E852682CFEC}"
EndProject
Project("{FAE04EC0-301F-11D3-BF4B-00C04F79EFBC}") = "UniNetty.Codecs.Redis", "src\UniNetty.Codecs.Redis\UniNetty.Codecs.Redis.csproj", "{DD1DAF11-8414-4939-93B5-4B4ECAC14CE3}"
EndProject
Project("{2150E333-8FDC-42A3-9474-1A3956D46DE8}") = "test", "test", "{AB405D8B-BDF7-408C-8FA2-2FA89A251E1D}"
EndProject
Project("{FAE04EC0-301F-11D3-BF4B-00C04F79EFBC}") = "UniNetty.Buffers.Tests", "test\UniNetty.Buffers.Tests\UniNetty.Buffers.Tests.csproj", "{62EAFDDA-0035-4B67-8AF6-C2D62172C2C9}"
EndProject
Project("{FAE04EC0-301F-11D3-BF4B-00C04F79EFBC}") = "UniNetty.Codecs.Http.Tests", "test\UniNetty.Codecs.Http.Tests\UniNetty.Codecs.Http.Tests.csproj", "{27D79C43-4C2D-4D8D-8C90-A72EF6F14F06}"
EndProject
Project("{FAE04EC0-301F-11D3-BF4B-00C04F79EFBC}") = "UniNetty.Codecs.Mqtt.Tests", "test\UniNetty.Codecs.Mqtt.Tests\UniNetty.Codecs.Mqtt.Tests.csproj", "{D3B72473-D993-4F13-8B53-8DD0741DC028}"
EndProject
Project("{FAE04EC0-301F-11D3-BF4B-00C04F79EFBC}") = "UniNetty.Codecs.Protobuf.Tests", "test\UniNetty.Codecs.Protobuf.Tests\UniNetty.Codecs.Protobuf.Tests.csproj", "{699D571D-4144-486F-8AD5-369F331AD45B}"
EndProject
Project("{FAE04EC0-301F-11D3-BF4B-00C04F79EFBC}") = "UniNetty.Codecs.Redis.Tests", "test\UniNetty.Codecs.Redis.Tests\UniNetty.Codecs.Redis.Tests.csproj", "{67286224-91D6-4EEE-BA70-A5AF4313B86A}"
EndProject
Project("{FAE04EC0-301F-11D3-BF4B-00C04F79EFBC}") = "UniNetty.Codecs.Tests", "test\UniNetty.Codecs.Tests\UniNetty.Codecs.Tests.csproj", "{1211177E-596C-4E93-B7CD-935FFDCBA2AB}"
EndProject
Project("{FAE04EC0-301F-11D3-BF4B-00C04F79EFBC}") = "UniNetty.Common.Tests", "test\UniNetty.Common.Tests\UniNetty.Common.Tests.csproj", "{F7FDA70B-91B9-4B79-8B07-3225FC778DC8}"
EndProject
Project("{FAE04EC0-301F-11D3-BF4B-00C04F79EFBC}") = "UniNetty.Handlers.Tests", "test\UniNetty.Handlers.Tests\UniNetty.Handlers.Tests.csproj", "{712AE19B-BF97-4B81-83D6-587E9B7E87AC}"
EndProject
Project("{FAE04EC0-301F-11D3-BF4B-00C04F79EFBC}") = "UniNetty.Microbench", "test\UniNetty.Microbench\UniNetty.Microbench.csproj", "{13C1575A-9D7D-4C7C-8226-161107BD6EA2}"
EndProject
Project("{FAE04EC0-301F-11D3-BF4B-00C04F79EFBC}") = "UniNetty.Tests.Common", "test\UniNetty.Tests.Common\UniNetty.Tests.Common.csproj", "{310A1539-5D2B-4C08-9DD1-FF7A8FE6BF5A}"
EndProject
Project("{FAE04EC0-301F-11D3-BF4B-00C04F79EFBC}") = "UniNetty.Tests.End2End", "test\UniNetty.Tests.End2End\UniNetty.Tests.End2End.csproj", "{7466C791-ABC4-43CA-8CDF-6DC812435063}"
EndProject
Project("{FAE04EC0-301F-11D3-BF4B-00C04F79EFBC}") = "UniNetty.Transport.Tests.Performance", "test\UniNetty.Transport.Tests.Performance\UniNetty.Transport.Tests.Performance.csproj", "{CB2FEF99-07AE-413B-A5B0-5E7C1F9C1330}"
EndProject
Project("{FAE04EC0-301F-11D3-BF4B-00C04F79EFBC}") = "UniNetty.Transport.Tests", "test\UniNetty.Transport.Tests\UniNetty.Transport.Tests.csproj", "{2EA63F4B-A17E-4EF6-A7F7-4DD9F19F963E}"
EndProject
Project("{2150E333-8FDC-42A3-9474-1A3956D46DE8}") = "examples", "examples", "{5DCBEDA2-257E-48A8-8360-097674E1AF26}"
EndProject
Project("{FAE04EC0-301F-11D3-BF4B-00C04F79EFBC}") = "UniNetty.Examples.Discard.Server", "examples\UniNetty.Examples.Discard.Server\UniNetty.Examples.Discard.Server.csproj", "{25870F71-B597-40F3-A5BD-63D8B26B6703}"
EndProject
Project("{FAE04EC0-301F-11D3-BF4B-00C04F79EFBC}") = "UniNetty.Examples.Discard.Client", "examples\UniNetty.Examples.Discard.Client\UniNetty.Examples.Discard.Client.csproj", "{76668241-9100-4B86-BC6D-D6E82940355A}"
EndProject
Project("{FAE04EC0-301F-11D3-BF4B-00C04F79EFBC}") = "UniNetty.Examples.Echo.Server", "examples\UniNetty.Examples.Echo.Server\UniNetty.Examples.Echo.Server.csproj", "{DF1271C2-710F-4FD3-AA3A-BD43DB33E0B5}"
EndProject
Project("{FAE04EC0-301F-11D3-BF4B-00C04F79EFBC}") = "UniNetty.Examples.Echo.Client", "examples\UniNetty.Examples.Echo.Client\UniNetty.Examples.Echo.Client.csproj", "{45022E7B-7056-4795-B18D-86C46CDFAD36}"
EndProject
Project("{FAE04EC0-301F-11D3-BF4B-00C04F79EFBC}") = "UniNetty.Examples.Factorial", "examples\UniNetty.Examples.Factorial\UniNetty.Examples.Factorial.csproj", "{C934AAC5-3712-4F5A-993C-FC5890CECA62}"
EndProject
Project("{FAE04EC0-301F-11D3-BF4B-00C04F79EFBC}") = "UniNetty.Examples.Factorial.Server", "examples\UniNetty.Examples.Factorial.Server\UniNetty.Examples.Factorial.Server.csproj", "{DC4C9187-A3F2-446D-A3E1-C9F72627F6BF}"
EndProject
Project("{FAE04EC0-301F-11D3-BF4B-00C04F79EFBC}") = "UniNetty.Examples.Factorial.Client", "examples\UniNetty.Examples.Factorial.Client\UniNetty.Examples.Factorial.Client.csproj", "{7CFBD4DF-3DAC-4310-B6EC-401CD6F196F2}"
EndProject
Project("{FAE04EC0-301F-11D3-BF4B-00C04F79EFBC}") = "UniNetty.Examples.HttpServer", "examples\UniNetty.Examples.HttpServer\UniNetty.Examples.HttpServer.csproj", "{0773735C-08BB-4D73-B57A-2D5E20D708DF}"
EndProject
Project("{FAE04EC0-301F-11D3-BF4B-00C04F79EFBC}") = "UniNetty.Examples.QuoteOfTheMoment.Client", "examples\UniNetty.Examples.QuoteOfTheMoment.Client\UniNetty.Examples.QuoteOfTheMoment.Client.csproj", "{CA04BED8-9A53-43A0-8376-B0B7F0E8DE19}"
EndProject
Project("{FAE04EC0-301F-11D3-BF4B-00C04F79EFBC}") = "UniNetty.Examples.QuoteOfTheMoment.Server", "examples\UniNetty.Examples.QuoteOfTheMoment.Server\UniNetty.Examples.QuoteOfTheMoment.Server.csproj", "{F49B8862-FEE6-454D-AE2A-32FACC21A145}"
EndProject
Project("{FAE04EC0-301F-11D3-BF4B-00C04F79EFBC}") = "UniNetty.Examples.SecureChat.Client", "examples\UniNetty.Examples.SecureChat.Client\UniNetty.Examples.SecureChat.Client.csproj", "{A04E3AF0-3019-44F3-926F-3CF38BA39E39}"
EndProject
Project("{FAE04EC0-301F-11D3-BF4B-00C04F79EFBC}") = "UniNetty.Examples.SecureChat.Server", "examples\UniNetty.Examples.SecureChat.Server\UniNetty.Examples.SecureChat.Server.csproj", "{A0F1D17D-9C4A-4742-8BE9-09051F699C58}"
EndProject
Project("{FAE04EC0-301F-11D3-BF4B-00C04F79EFBC}") = "UniNetty.Examples.Telnet.Client", "examples\UniNetty.Examples.Telnet.Client\UniNetty.Examples.Telnet.Client.csproj", "{41F56F8A-D94E-453A-886C-8EE1E764CDE9}"
EndProject
Project("{FAE04EC0-301F-11D3-BF4B-00C04F79EFBC}") = "UniNetty.Examples.Telnet.Server", "examples\UniNetty.Examples.Telnet.Server\UniNetty.Examples.Telnet.Server.csproj", "{DED39370-4F00-4F9F-A562-4E2D66153D2E}"
EndProject
Project("{FAE04EC0-301F-11D3-BF4B-00C04F79EFBC}") = "UniNetty.Examples.WebSockets.Client", "examples\UniNetty.Examples.WebSockets.Client\UniNetty.Examples.WebSockets.Client.csproj", "{4D09B0A9-5B9E-4242-B58D-A2EAA6E12216}"
EndProject
Project("{FAE04EC0-301F-11D3-BF4B-00C04F79EFBC}") = "UniNetty.Examples.WebSockets.Server", "examples\UniNetty.Examples.WebSockets.Server\UniNetty.Examples.WebSockets.Server.csproj", "{B2884C46-4C8A-47C8-A412-631CD57B4D70}"
EndProject
Project("{2150E333-8FDC-42A3-9474-1A3956D46DE8}") = "tools", "tools", "{B4ECF0D1-57E5-4AD1-87AC-DB6C61BC0BD5}"
EndProject
Project("{FAE04EC0-301F-11D3-BF4B-00C04F79EFBC}") = "UniNetty.Tools.AddCopyrightHeaderToSourceFiles", "tools\UniNetty.Tools.AddCopyrightHeaderToSourceFiles\UniNetty.Tools.AddCopyrightHeaderToSourceFiles.csproj", "{D64CAFF8-3321-46CF-9A27-8EDF89E06182}"
EndProject
Project("{FAE04EC0-301F-11D3-BF4B-00C04F79EFBC}") = "UniNetty.Examples.Demo", "examples\UniNetty.Examples.Demo\UniNetty.Examples.Demo.csproj", "{6B02769B-99E2-44F6-A79F-2CB5137C7DED}"
EndProject
Project("{FAE04EC0-301F-11D3-BF4B-00C04F79EFBC}") = "UniNetty.Logging", "src\UniNetty.Logging\UniNetty.Logging.csproj", "{1EFF5127-79A9-4A21-BE6E-ED1E3554013D}"
EndProject
Project("{FAE04EC0-301F-11D3-BF4B-00C04F79EFBC}") = "UniNetty.Examples.DemoSupports", "examples\UniNetty.Examples.DemoSupports\UniNetty.Examples.DemoSupports.csproj", "{C5A74524-8649-449B-BB9F-09867578EDED}"
EndProject
Global
	GlobalSection(SolutionConfigurationPlatforms) = preSolution
		Debug|Any CPU = Debug|Any CPU
		Release|Any CPU = Release|Any CPU
	EndGlobalSection
	GlobalSection(SolutionProperties) = preSolution
		HideSolutionNode = FALSE
	EndGlobalSection
	GlobalSection(ProjectConfigurationPlatforms) = postSolution
		{56DC2953-5EDC-4163-A4BE-5D92214F243C}.Debug|Any CPU.ActiveCfg = Debug|Any CPU
		{56DC2953-5EDC-4163-A4BE-5D92214F243C}.Debug|Any CPU.Build.0 = Debug|Any CPU
		{56DC2953-5EDC-4163-A4BE-5D92214F243C}.Release|Any CPU.ActiveCfg = Release|Any CPU
		{56DC2953-5EDC-4163-A4BE-5D92214F243C}.Release|Any CPU.Build.0 = Release|Any CPU
		{3A5332CC-5253-4859-BE94-5FE31D81A1AE}.Debug|Any CPU.ActiveCfg = Debug|Any CPU
		{3A5332CC-5253-4859-BE94-5FE31D81A1AE}.Debug|Any CPU.Build.0 = Debug|Any CPU
		{3A5332CC-5253-4859-BE94-5FE31D81A1AE}.Release|Any CPU.ActiveCfg = Release|Any CPU
		{3A5332CC-5253-4859-BE94-5FE31D81A1AE}.Release|Any CPU.Build.0 = Release|Any CPU
		{542CB7EB-9757-444F-A03D-11CC84273D55}.Debug|Any CPU.ActiveCfg = Debug|Any CPU
		{542CB7EB-9757-444F-A03D-11CC84273D55}.Debug|Any CPU.Build.0 = Debug|Any CPU
		{542CB7EB-9757-444F-A03D-11CC84273D55}.Release|Any CPU.ActiveCfg = Release|Any CPU
		{542CB7EB-9757-444F-A03D-11CC84273D55}.Release|Any CPU.Build.0 = Release|Any CPU
		{1DF1CEA4-D36D-4916-BEAC-F8B9C1F8B7C0}.Debug|Any CPU.ActiveCfg = Debug|Any CPU
		{1DF1CEA4-D36D-4916-BEAC-F8B9C1F8B7C0}.Debug|Any CPU.Build.0 = Debug|Any CPU
		{1DF1CEA4-D36D-4916-BEAC-F8B9C1F8B7C0}.Release|Any CPU.ActiveCfg = Release|Any CPU
		{1DF1CEA4-D36D-4916-BEAC-F8B9C1F8B7C0}.Release|Any CPU.Build.0 = Release|Any CPU
		{3959AE1D-4CE4-48D8-9014-E72AA91C28B0}.Debug|Any CPU.ActiveCfg = Debug|Any CPU
		{3959AE1D-4CE4-48D8-9014-E72AA91C28B0}.Debug|Any CPU.Build.0 = Debug|Any CPU
		{3959AE1D-4CE4-48D8-9014-E72AA91C28B0}.Release|Any CPU.ActiveCfg = Release|Any CPU
		{3959AE1D-4CE4-48D8-9014-E72AA91C28B0}.Release|Any CPU.Build.0 = Release|Any CPU
		{934C3218-9ECC-4C36-BFFB-5885A1882006}.Debug|Any CPU.ActiveCfg = Debug|Any CPU
		{934C3218-9ECC-4C36-BFFB-5885A1882006}.Debug|Any CPU.Build.0 = Debug|Any CPU
		{934C3218-9ECC-4C36-BFFB-5885A1882006}.Release|Any CPU.ActiveCfg = Release|Any CPU
		{934C3218-9ECC-4C36-BFFB-5885A1882006}.Release|Any CPU.Build.0 = Release|Any CPU
		{89C8C359-B75A-4B73-8DEF-965390401D96}.Debug|Any CPU.ActiveCfg = Debug|Any CPU
		{89C8C359-B75A-4B73-8DEF-965390401D96}.Debug|Any CPU.Build.0 = Debug|Any CPU
		{89C8C359-B75A-4B73-8DEF-965390401D96}.Release|Any CPU.ActiveCfg = Release|Any CPU
		{89C8C359-B75A-4B73-8DEF-965390401D96}.Release|Any CPU.Build.0 = Release|Any CPU
		{A390464E-3057-4D2F-A747-6E852682CFEC}.Debug|Any CPU.ActiveCfg = Debug|Any CPU
		{A390464E-3057-4D2F-A747-6E852682CFEC}.Debug|Any CPU.Build.0 = Debug|Any CPU
		{A390464E-3057-4D2F-A747-6E852682CFEC}.Release|Any CPU.ActiveCfg = Release|Any CPU
		{A390464E-3057-4D2F-A747-6E852682CFEC}.Release|Any CPU.Build.0 = Release|Any CPU
		{DD1DAF11-8414-4939-93B5-4B4ECAC14CE3}.Debug|Any CPU.ActiveCfg = Debug|Any CPU
		{DD1DAF11-8414-4939-93B5-4B4ECAC14CE3}.Debug|Any CPU.Build.0 = Debug|Any CPU
		{DD1DAF11-8414-4939-93B5-4B4ECAC14CE3}.Release|Any CPU.ActiveCfg = Release|Any CPU
		{DD1DAF11-8414-4939-93B5-4B4ECAC14CE3}.Release|Any CPU.Build.0 = Release|Any CPU
		{62EAFDDA-0035-4B67-8AF6-C2D62172C2C9}.Debug|Any CPU.ActiveCfg = Debug|Any CPU
		{62EAFDDA-0035-4B67-8AF6-C2D62172C2C9}.Debug|Any CPU.Build.0 = Debug|Any CPU
		{62EAFDDA-0035-4B67-8AF6-C2D62172C2C9}.Release|Any CPU.ActiveCfg = Release|Any CPU
		{62EAFDDA-0035-4B67-8AF6-C2D62172C2C9}.Release|Any CPU.Build.0 = Release|Any CPU
		{27D79C43-4C2D-4D8D-8C90-A72EF6F14F06}.Debug|Any CPU.ActiveCfg = Debug|Any CPU
		{27D79C43-4C2D-4D8D-8C90-A72EF6F14F06}.Debug|Any CPU.Build.0 = Debug|Any CPU
		{27D79C43-4C2D-4D8D-8C90-A72EF6F14F06}.Release|Any CPU.ActiveCfg = Release|Any CPU
		{27D79C43-4C2D-4D8D-8C90-A72EF6F14F06}.Release|Any CPU.Build.0 = Release|Any CPU
		{D3B72473-D993-4F13-8B53-8DD0741DC028}.Debug|Any CPU.ActiveCfg = Debug|Any CPU
		{D3B72473-D993-4F13-8B53-8DD0741DC028}.Debug|Any CPU.Build.0 = Debug|Any CPU
		{D3B72473-D993-4F13-8B53-8DD0741DC028}.Release|Any CPU.ActiveCfg = Release|Any CPU
		{D3B72473-D993-4F13-8B53-8DD0741DC028}.Release|Any CPU.Build.0 = Release|Any CPU
		{699D571D-4144-486F-8AD5-369F331AD45B}.Debug|Any CPU.ActiveCfg = Debug|Any CPU
		{699D571D-4144-486F-8AD5-369F331AD45B}.Debug|Any CPU.Build.0 = Debug|Any CPU
		{699D571D-4144-486F-8AD5-369F331AD45B}.Release|Any CPU.ActiveCfg = Release|Any CPU
		{699D571D-4144-486F-8AD5-369F331AD45B}.Release|Any CPU.Build.0 = Release|Any CPU
		{67286224-91D6-4EEE-BA70-A5AF4313B86A}.Debug|Any CPU.ActiveCfg = Debug|Any CPU
		{67286224-91D6-4EEE-BA70-A5AF4313B86A}.Debug|Any CPU.Build.0 = Debug|Any CPU
		{67286224-91D6-4EEE-BA70-A5AF4313B86A}.Release|Any CPU.ActiveCfg = Release|Any CPU
		{67286224-91D6-4EEE-BA70-A5AF4313B86A}.Release|Any CPU.Build.0 = Release|Any CPU
		{1211177E-596C-4E93-B7CD-935FFDCBA2AB}.Debug|Any CPU.ActiveCfg = Debug|Any CPU
		{1211177E-596C-4E93-B7CD-935FFDCBA2AB}.Debug|Any CPU.Build.0 = Debug|Any CPU
		{1211177E-596C-4E93-B7CD-935FFDCBA2AB}.Release|Any CPU.ActiveCfg = Release|Any CPU
		{1211177E-596C-4E93-B7CD-935FFDCBA2AB}.Release|Any CPU.Build.0 = Release|Any CPU
		{F7FDA70B-91B9-4B79-8B07-3225FC778DC8}.Debug|Any CPU.ActiveCfg = Debug|Any CPU
		{F7FDA70B-91B9-4B79-8B07-3225FC778DC8}.Debug|Any CPU.Build.0 = Debug|Any CPU
		{F7FDA70B-91B9-4B79-8B07-3225FC778DC8}.Release|Any CPU.ActiveCfg = Release|Any CPU
		{F7FDA70B-91B9-4B79-8B07-3225FC778DC8}.Release|Any CPU.Build.0 = Release|Any CPU
		{712AE19B-BF97-4B81-83D6-587E9B7E87AC}.Debug|Any CPU.ActiveCfg = Debug|Any CPU
		{712AE19B-BF97-4B81-83D6-587E9B7E87AC}.Debug|Any CPU.Build.0 = Debug|Any CPU
		{712AE19B-BF97-4B81-83D6-587E9B7E87AC}.Release|Any CPU.ActiveCfg = Release|Any CPU
		{712AE19B-BF97-4B81-83D6-587E9B7E87AC}.Release|Any CPU.Build.0 = Release|Any CPU
		{13C1575A-9D7D-4C7C-8226-161107BD6EA2}.Debug|Any CPU.ActiveCfg = Debug|Any CPU
		{13C1575A-9D7D-4C7C-8226-161107BD6EA2}.Debug|Any CPU.Build.0 = Debug|Any CPU
		{13C1575A-9D7D-4C7C-8226-161107BD6EA2}.Release|Any CPU.ActiveCfg = Release|Any CPU
		{13C1575A-9D7D-4C7C-8226-161107BD6EA2}.Release|Any CPU.Build.0 = Release|Any CPU
		{310A1539-5D2B-4C08-9DD1-FF7A8FE6BF5A}.Debug|Any CPU.ActiveCfg = Debug|Any CPU
		{310A1539-5D2B-4C08-9DD1-FF7A8FE6BF5A}.Debug|Any CPU.Build.0 = Debug|Any CPU
		{310A1539-5D2B-4C08-9DD1-FF7A8FE6BF5A}.Release|Any CPU.ActiveCfg = Release|Any CPU
		{310A1539-5D2B-4C08-9DD1-FF7A8FE6BF5A}.Release|Any CPU.Build.0 = Release|Any CPU
		{7466C791-ABC4-43CA-8CDF-6DC812435063}.Debug|Any CPU.ActiveCfg = Debug|Any CPU
		{7466C791-ABC4-43CA-8CDF-6DC812435063}.Debug|Any CPU.Build.0 = Debug|Any CPU
		{7466C791-ABC4-43CA-8CDF-6DC812435063}.Release|Any CPU.ActiveCfg = Release|Any CPU
		{7466C791-ABC4-43CA-8CDF-6DC812435063}.Release|Any CPU.Build.0 = Release|Any CPU
		{CB2FEF99-07AE-413B-A5B0-5E7C1F9C1330}.Debug|Any CPU.ActiveCfg = Debug|Any CPU
		{CB2FEF99-07AE-413B-A5B0-5E7C1F9C1330}.Debug|Any CPU.Build.0 = Debug|Any CPU
		{CB2FEF99-07AE-413B-A5B0-5E7C1F9C1330}.Release|Any CPU.ActiveCfg = Release|Any CPU
		{CB2FEF99-07AE-413B-A5B0-5E7C1F9C1330}.Release|Any CPU.Build.0 = Release|Any CPU
		{2EA63F4B-A17E-4EF6-A7F7-4DD9F19F963E}.Debug|Any CPU.ActiveCfg = Debug|Any CPU
		{2EA63F4B-A17E-4EF6-A7F7-4DD9F19F963E}.Debug|Any CPU.Build.0 = Debug|Any CPU
		{2EA63F4B-A17E-4EF6-A7F7-4DD9F19F963E}.Release|Any CPU.ActiveCfg = Release|Any CPU
		{2EA63F4B-A17E-4EF6-A7F7-4DD9F19F963E}.Release|Any CPU.Build.0 = Release|Any CPU
		{25870F71-B597-40F3-A5BD-63D8B26B6703}.Debug|Any CPU.ActiveCfg = Debug|Any CPU
		{25870F71-B597-40F3-A5BD-63D8B26B6703}.Debug|Any CPU.Build.0 = Debug|Any CPU
		{25870F71-B597-40F3-A5BD-63D8B26B6703}.Release|Any CPU.ActiveCfg = Release|Any CPU
		{25870F71-B597-40F3-A5BD-63D8B26B6703}.Release|Any CPU.Build.0 = Release|Any CPU
		{76668241-9100-4B86-BC6D-D6E82940355A}.Debug|Any CPU.ActiveCfg = Debug|Any CPU
		{76668241-9100-4B86-BC6D-D6E82940355A}.Debug|Any CPU.Build.0 = Debug|Any CPU
		{76668241-9100-4B86-BC6D-D6E82940355A}.Release|Any CPU.ActiveCfg = Release|Any CPU
		{76668241-9100-4B86-BC6D-D6E82940355A}.Release|Any CPU.Build.0 = Release|Any CPU
		{DF1271C2-710F-4FD3-AA3A-BD43DB33E0B5}.Debug|Any CPU.ActiveCfg = Debug|Any CPU
		{DF1271C2-710F-4FD3-AA3A-BD43DB33E0B5}.Debug|Any CPU.Build.0 = Debug|Any CPU
		{DF1271C2-710F-4FD3-AA3A-BD43DB33E0B5}.Release|Any CPU.ActiveCfg = Release|Any CPU
		{DF1271C2-710F-4FD3-AA3A-BD43DB33E0B5}.Release|Any CPU.Build.0 = Release|Any CPU
		{45022E7B-7056-4795-B18D-86C46CDFAD36}.Debug|Any CPU.ActiveCfg = Debug|Any CPU
		{45022E7B-7056-4795-B18D-86C46CDFAD36}.Debug|Any CPU.Build.0 = Debug|Any CPU
		{45022E7B-7056-4795-B18D-86C46CDFAD36}.Release|Any CPU.ActiveCfg = Release|Any CPU
		{45022E7B-7056-4795-B18D-86C46CDFAD36}.Release|Any CPU.Build.0 = Release|Any CPU
		{C934AAC5-3712-4F5A-993C-FC5890CECA62}.Debug|Any CPU.ActiveCfg = Debug|Any CPU
		{C934AAC5-3712-4F5A-993C-FC5890CECA62}.Debug|Any CPU.Build.0 = Debug|Any CPU
		{C934AAC5-3712-4F5A-993C-FC5890CECA62}.Release|Any CPU.ActiveCfg = Release|Any CPU
		{C934AAC5-3712-4F5A-993C-FC5890CECA62}.Release|Any CPU.Build.0 = Release|Any CPU
		{DC4C9187-A3F2-446D-A3E1-C9F72627F6BF}.Debug|Any CPU.ActiveCfg = Debug|Any CPU
		{DC4C9187-A3F2-446D-A3E1-C9F72627F6BF}.Debug|Any CPU.Build.0 = Debug|Any CPU
		{DC4C9187-A3F2-446D-A3E1-C9F72627F6BF}.Release|Any CPU.ActiveCfg = Release|Any CPU
		{DC4C9187-A3F2-446D-A3E1-C9F72627F6BF}.Release|Any CPU.Build.0 = Release|Any CPU
		{7CFBD4DF-3DAC-4310-B6EC-401CD6F196F2}.Debug|Any CPU.ActiveCfg = Debug|Any CPU
		{7CFBD4DF-3DAC-4310-B6EC-401CD6F196F2}.Debug|Any CPU.Build.0 = Debug|Any CPU
		{7CFBD4DF-3DAC-4310-B6EC-401CD6F196F2}.Release|Any CPU.ActiveCfg = Release|Any CPU
		{7CFBD4DF-3DAC-4310-B6EC-401CD6F196F2}.Release|Any CPU.Build.0 = Release|Any CPU
		{0773735C-08BB-4D73-B57A-2D5E20D708DF}.Debug|Any CPU.ActiveCfg = Debug|Any CPU
		{0773735C-08BB-4D73-B57A-2D5E20D708DF}.Debug|Any CPU.Build.0 = Debug|Any CPU
		{0773735C-08BB-4D73-B57A-2D5E20D708DF}.Release|Any CPU.ActiveCfg = Release|Any CPU
		{0773735C-08BB-4D73-B57A-2D5E20D708DF}.Release|Any CPU.Build.0 = Release|Any CPU
		{CA04BED8-9A53-43A0-8376-B0B7F0E8DE19}.Debug|Any CPU.ActiveCfg = Debug|Any CPU
		{CA04BED8-9A53-43A0-8376-B0B7F0E8DE19}.Debug|Any CPU.Build.0 = Debug|Any CPU
		{CA04BED8-9A53-43A0-8376-B0B7F0E8DE19}.Release|Any CPU.ActiveCfg = Release|Any CPU
		{CA04BED8-9A53-43A0-8376-B0B7F0E8DE19}.Release|Any CPU.Build.0 = Release|Any CPU
		{F49B8862-FEE6-454D-AE2A-32FACC21A145}.Debug|Any CPU.ActiveCfg = Debug|Any CPU
		{F49B8862-FEE6-454D-AE2A-32FACC21A145}.Debug|Any CPU.Build.0 = Debug|Any CPU
		{F49B8862-FEE6-454D-AE2A-32FACC21A145}.Release|Any CPU.ActiveCfg = Release|Any CPU
		{F49B8862-FEE6-454D-AE2A-32FACC21A145}.Release|Any CPU.Build.0 = Release|Any CPU
		{A04E3AF0-3019-44F3-926F-3CF38BA39E39}.Debug|Any CPU.ActiveCfg = Debug|Any CPU
		{A04E3AF0-3019-44F3-926F-3CF38BA39E39}.Debug|Any CPU.Build.0 = Debug|Any CPU
		{A04E3AF0-3019-44F3-926F-3CF38BA39E39}.Release|Any CPU.ActiveCfg = Release|Any CPU
		{A04E3AF0-3019-44F3-926F-3CF38BA39E39}.Release|Any CPU.Build.0 = Release|Any CPU
		{A0F1D17D-9C4A-4742-8BE9-09051F699C58}.Debug|Any CPU.ActiveCfg = Debug|Any CPU
		{A0F1D17D-9C4A-4742-8BE9-09051F699C58}.Debug|Any CPU.Build.0 = Debug|Any CPU
		{A0F1D17D-9C4A-4742-8BE9-09051F699C58}.Release|Any CPU.ActiveCfg = Release|Any CPU
		{A0F1D17D-9C4A-4742-8BE9-09051F699C58}.Release|Any CPU.Build.0 = Release|Any CPU
		{41F56F8A-D94E-453A-886C-8EE1E764CDE9}.Debug|Any CPU.ActiveCfg = Debug|Any CPU
		{41F56F8A-D94E-453A-886C-8EE1E764CDE9}.Debug|Any CPU.Build.0 = Debug|Any CPU
		{41F56F8A-D94E-453A-886C-8EE1E764CDE9}.Release|Any CPU.ActiveCfg = Release|Any CPU
		{41F56F8A-D94E-453A-886C-8EE1E764CDE9}.Release|Any CPU.Build.0 = Release|Any CPU
		{DED39370-4F00-4F9F-A562-4E2D66153D2E}.Debug|Any CPU.ActiveCfg = Debug|Any CPU
		{DED39370-4F00-4F9F-A562-4E2D66153D2E}.Debug|Any CPU.Build.0 = Debug|Any CPU
		{DED39370-4F00-4F9F-A562-4E2D66153D2E}.Release|Any CPU.ActiveCfg = Release|Any CPU
		{DED39370-4F00-4F9F-A562-4E2D66153D2E}.Release|Any CPU.Build.0 = Release|Any CPU
		{4D09B0A9-5B9E-4242-B58D-A2EAA6E12216}.Debug|Any CPU.ActiveCfg = Debug|Any CPU
		{4D09B0A9-5B9E-4242-B58D-A2EAA6E12216}.Debug|Any CPU.Build.0 = Debug|Any CPU
		{4D09B0A9-5B9E-4242-B58D-A2EAA6E12216}.Release|Any CPU.ActiveCfg = Release|Any CPU
		{4D09B0A9-5B9E-4242-B58D-A2EAA6E12216}.Release|Any CPU.Build.0 = Release|Any CPU
		{B2884C46-4C8A-47C8-A412-631CD57B4D70}.Debug|Any CPU.ActiveCfg = Debug|Any CPU
		{B2884C46-4C8A-47C8-A412-631CD57B4D70}.Debug|Any CPU.Build.0 = Debug|Any CPU
		{B2884C46-4C8A-47C8-A412-631CD57B4D70}.Release|Any CPU.ActiveCfg = Release|Any CPU
		{B2884C46-4C8A-47C8-A412-631CD57B4D70}.Release|Any CPU.Build.0 = Release|Any CPU
		{D64CAFF8-3321-46CF-9A27-8EDF89E06182}.Debug|Any CPU.ActiveCfg = Debug|Any CPU
		{D64CAFF8-3321-46CF-9A27-8EDF89E06182}.Debug|Any CPU.Build.0 = Debug|Any CPU
		{D64CAFF8-3321-46CF-9A27-8EDF89E06182}.Release|Any CPU.ActiveCfg = Release|Any CPU
		{D64CAFF8-3321-46CF-9A27-8EDF89E06182}.Release|Any CPU.Build.0 = Release|Any CPU
		{6B02769B-99E2-44F6-A79F-2CB5137C7DED}.Debug|Any CPU.ActiveCfg = Debug|Any CPU
		{6B02769B-99E2-44F6-A79F-2CB5137C7DED}.Debug|Any CPU.Build.0 = Debug|Any CPU
		{6B02769B-99E2-44F6-A79F-2CB5137C7DED}.Release|Any CPU.ActiveCfg = Release|Any CPU
		{6B02769B-99E2-44F6-A79F-2CB5137C7DED}.Release|Any CPU.Build.0 = Release|Any CPU
		{1EFF5127-79A9-4A21-BE6E-ED1E3554013D}.Debug|Any CPU.ActiveCfg = Debug|Any CPU
		{1EFF5127-79A9-4A21-BE6E-ED1E3554013D}.Debug|Any CPU.Build.0 = Debug|Any CPU
		{1EFF5127-79A9-4A21-BE6E-ED1E3554013D}.Release|Any CPU.ActiveCfg = Release|Any CPU
		{1EFF5127-79A9-4A21-BE6E-ED1E3554013D}.Release|Any CPU.Build.0 = Release|Any CPU
		{C5A74524-8649-449B-BB9F-09867578EDED}.Debug|Any CPU.ActiveCfg = Debug|Any CPU
		{C5A74524-8649-449B-BB9F-09867578EDED}.Debug|Any CPU.Build.0 = Debug|Any CPU
		{C5A74524-8649-449B-BB9F-09867578EDED}.Release|Any CPU.ActiveCfg = Release|Any CPU
		{C5A74524-8649-449B-BB9F-09867578EDED}.Release|Any CPU.Build.0 = Release|Any CPU
	EndGlobalSection
	GlobalSection(NestedProjects) = preSolution
		{56DC2953-5EDC-4163-A4BE-5D92214F243C} = {28BF15BD-712C-41A5-8E26-41014C323AE8}
		{3A5332CC-5253-4859-BE94-5FE31D81A1AE} = {28BF15BD-712C-41A5-8E26-41014C323AE8}
		{542CB7EB-9757-444F-A03D-11CC84273D55} = {28BF15BD-712C-41A5-8E26-41014C323AE8}
		{1DF1CEA4-D36D-4916-BEAC-F8B9C1F8B7C0} = {28BF15BD-712C-41A5-8E26-41014C323AE8}
		{3959AE1D-4CE4-48D8-9014-E72AA91C28B0} = {28BF15BD-712C-41A5-8E26-41014C323AE8}
		{934C3218-9ECC-4C36-BFFB-5885A1882006} = {28BF15BD-712C-41A5-8E26-41014C323AE8}
		{89C8C359-B75A-4B73-8DEF-965390401D96} = {28BF15BD-712C-41A5-8E26-41014C323AE8}
		{A390464E-3057-4D2F-A747-6E852682CFEC} = {28BF15BD-712C-41A5-8E26-41014C323AE8}
		{DD1DAF11-8414-4939-93B5-4B4ECAC14CE3} = {28BF15BD-712C-41A5-8E26-41014C323AE8}
		{62EAFDDA-0035-4B67-8AF6-C2D62172C2C9} = {AB405D8B-BDF7-408C-8FA2-2FA89A251E1D}
		{27D79C43-4C2D-4D8D-8C90-A72EF6F14F06} = {AB405D8B-BDF7-408C-8FA2-2FA89A251E1D}
		{D3B72473-D993-4F13-8B53-8DD0741DC028} = {AB405D8B-BDF7-408C-8FA2-2FA89A251E1D}
		{699D571D-4144-486F-8AD5-369F331AD45B} = {AB405D8B-BDF7-408C-8FA2-2FA89A251E1D}
		{67286224-91D6-4EEE-BA70-A5AF4313B86A} = {AB405D8B-BDF7-408C-8FA2-2FA89A251E1D}
		{1211177E-596C-4E93-B7CD-935FFDCBA2AB} = {AB405D8B-BDF7-408C-8FA2-2FA89A251E1D}
		{F7FDA70B-91B9-4B79-8B07-3225FC778DC8} = {AB405D8B-BDF7-408C-8FA2-2FA89A251E1D}
		{712AE19B-BF97-4B81-83D6-587E9B7E87AC} = {AB405D8B-BDF7-408C-8FA2-2FA89A251E1D}
		{13C1575A-9D7D-4C7C-8226-161107BD6EA2} = {AB405D8B-BDF7-408C-8FA2-2FA89A251E1D}
		{310A1539-5D2B-4C08-9DD1-FF7A8FE6BF5A} = {AB405D8B-BDF7-408C-8FA2-2FA89A251E1D}
		{7466C791-ABC4-43CA-8CDF-6DC812435063} = {AB405D8B-BDF7-408C-8FA2-2FA89A251E1D}
		{CB2FEF99-07AE-413B-A5B0-5E7C1F9C1330} = {AB405D8B-BDF7-408C-8FA2-2FA89A251E1D}
		{2EA63F4B-A17E-4EF6-A7F7-4DD9F19F963E} = {AB405D8B-BDF7-408C-8FA2-2FA89A251E1D}
		{25870F71-B597-40F3-A5BD-63D8B26B6703} = {5DCBEDA2-257E-48A8-8360-097674E1AF26}
		{76668241-9100-4B86-BC6D-D6E82940355A} = {5DCBEDA2-257E-48A8-8360-097674E1AF26}
		{DF1271C2-710F-4FD3-AA3A-BD43DB33E0B5} = {5DCBEDA2-257E-48A8-8360-097674E1AF26}
		{45022E7B-7056-4795-B18D-86C46CDFAD36} = {5DCBEDA2-257E-48A8-8360-097674E1AF26}
		{C934AAC5-3712-4F5A-993C-FC5890CECA62} = {5DCBEDA2-257E-48A8-8360-097674E1AF26}
		{DC4C9187-A3F2-446D-A3E1-C9F72627F6BF} = {5DCBEDA2-257E-48A8-8360-097674E1AF26}
		{7CFBD4DF-3DAC-4310-B6EC-401CD6F196F2} = {5DCBEDA2-257E-48A8-8360-097674E1AF26}
		{0773735C-08BB-4D73-B57A-2D5E20D708DF} = {5DCBEDA2-257E-48A8-8360-097674E1AF26}
		{CA04BED8-9A53-43A0-8376-B0B7F0E8DE19} = {5DCBEDA2-257E-48A8-8360-097674E1AF26}
		{F49B8862-FEE6-454D-AE2A-32FACC21A145} = {5DCBEDA2-257E-48A8-8360-097674E1AF26}
		{A04E3AF0-3019-44F3-926F-3CF38BA39E39} = {5DCBEDA2-257E-48A8-8360-097674E1AF26}
		{A0F1D17D-9C4A-4742-8BE9-09051F699C58} = {5DCBEDA2-257E-48A8-8360-097674E1AF26}
		{41F56F8A-D94E-453A-886C-8EE1E764CDE9} = {5DCBEDA2-257E-48A8-8360-097674E1AF26}
		{DED39370-4F00-4F9F-A562-4E2D66153D2E} = {5DCBEDA2-257E-48A8-8360-097674E1AF26}
		{4D09B0A9-5B9E-4242-B58D-A2EAA6E12216} = {5DCBEDA2-257E-48A8-8360-097674E1AF26}
		{B2884C46-4C8A-47C8-A412-631CD57B4D70} = {5DCBEDA2-257E-48A8-8360-097674E1AF26}
		{D64CAFF8-3321-46CF-9A27-8EDF89E06182} = {B4ECF0D1-57E5-4AD1-87AC-DB6C61BC0BD5}
		{6B02769B-99E2-44F6-A79F-2CB5137C7DED} = {5DCBEDA2-257E-48A8-8360-097674E1AF26}
		{1EFF5127-79A9-4A21-BE6E-ED1E3554013D} = {28BF15BD-712C-41A5-8E26-41014C323AE8}
		{C5A74524-8649-449B-BB9F-09867578EDED} = {5DCBEDA2-257E-48A8-8360-097674E1AF26}
	EndGlobalSection
EndGlobal
